--- 
dependencies: 
  fssm: 
    group: 
    - :development
    version: ">= 0"
  rails: 
    group: 
    - :default
    version: ~> 2.3.5
  rake: 
    group: 
    - :development
    version: ~> 0.8
  celerity: 
    group: 
    - :development
    version: ">= 0"
    require: []

  yard: 
    group: 
    - :development
    version: ~> 0.5
  rspec: 
    group: 
    - :development
    version: ~> 1.3
  bcsec: 
    group: 
    - :default
    version: ">= 2.0.0.pre"
  net-ssh: 
    group: 
    - :development
    version: ">= 0"
  rcov: 
    group: 
    - :development
    version: ">= 0"
  culerity: 
    group: 
    - :development
    version: ~> 0.2
  bundler: 
    group: 
    - :development
    version: = 0.9.26
  ci_reporter: 
    group: 
    - :development
    version: ~> 1.6
  cucumber: 
    group: 
    - :development
    version: ~> 0.8.0
  rdiscount: 
    group: 
    - :development
    version: ">= 0"
  net-scp: 
    group: 
    - :development
    version: ">= 0"
specs: 
- rake: 
    version: 0.8.7
- activesupport: 
    version: 2.3.8
- rack: 
    version: 1.1.0
- actionpack: 
    version: 2.3.8
- actionmailer: 
    version: 2.3.8
- activerecord: 
    version: 2.3.8
- activeresource: 
    version: 2.3.8
- composite_primary_keys: 
    version: 2.3.5.1
- ruby-net-ldap: 
    version: 0.0.4
- rubycas-client: 
    version: 2.1.0
- rubytree: 
    version: 0.6.2
- schema_qualified_tables: 
    version: 1.0.0
- warden: 
    version: 0.10.7
- bcsec: 
    version: 2.0.0.pre4
    source: 0
- builder: 
    version: 2.1.2
- bundler: 
    version: 0.9.26
- celerity: 
    version: 0.7.9
- ci_reporter: 
    version: 1.6.2
- diff-lcs: 
    version: 1.1.2
- trollop: 
    version: 1.16.2
- gherkin: 
    version: 2.1.5
- json_pure: 
    version: 1.4.3
- term-ansicolor: 
    version: 1.0.5
- cucumber: 
    version: 0.8.5
- culerity: 
    version: 0.2.10
- fssm: 
    version: 0.1.4
- net-ssh: 
    version: 2.0.23
- net-scp: 
    version: 1.0.2
- rails: 
    version: 2.3.8
- rcov: 
    version: 0.9.8
- rdiscount: 
    version: 1.6.5
- rspec: 
    version: 1.3.0
- yard: 
    version: 0.5.8
hash: 749176528566bcb5e434666e36be9f904dd38137
sources: 
- Git: 
    uri: git+ssh://code.bioinformatics.northwestern.edu/git/bcsec.git
    git: git+ssh://code.bioinformatics.northwestern.edu/git/bcsec.git
    ref: 702dba32e8fbd91cfb45d0332f30f7b1512470bc
- Rubygems: 
    uri: http://gemcutter.org
